
Microsoft Visual Studio Solution File, Format Version 12.00
Project("{FAE04EC0-301F-11D3-BF4B-00C04F79EFBC}") = "Server", "Server\Server.csproj", "{E4B3A850-77CA-43B4-A315-348F463A6CAA}"
EndProject
Project("{FAE04EC0-301F-11D3-BF4B-00C04F79EFBC}") = "Client", "Client\Client.csproj", "{A05780AF-80A7-4B8B-8826-E73A3B357954}"
EndProject
Project("{FAE04EC0-301F-11D3-BF4B-00C04F79EFBC}") = "DAL", "DAL\DAL.csproj", "{12656874-5243-4205-A672-218450DB0BED}"
EndProject
Global
	GlobalSection(SolutionConfigurationPlatforms) = preSolution
		Debug|Any CPU = Debug|Any CPU
		Release|Any CPU = Release|Any CPU
	EndGlobalSection
	GlobalSection(ProjectConfigurationPlatforms) = postSolution
		{E4B3A850-77CA-43B4-A315-348F463A6CAA}.Debug|Any CPU.ActiveCfg = Debug|Any CPU
		{E4B3A850-77CA-43B4-A315-348F463A6CAA}.Debug|Any CPU.Build.0 = Debug|Any CPU
		{E4B3A850-77CA-43B4-A315-348F463A6CAA}.Release|Any CPU.ActiveCfg = Release|Any CPU
		{E4B3A850-77CA-43B4-A315-348F463A6CAA}.Release|Any CPU.Build.0 = Release|Any CPU
		{A05780AF-80A7-4B8B-8826-E73A3B357954}.Debug|Any CPU.ActiveCfg = Debug|Any CPU
		{A05780AF-80A7-4B8B-8826-E73A3B357954}.Debug|Any CPU.Build.0 = Debug|Any CPU
		{A05780AF-80A7-4B8B-8826-E73A3B357954}.Release|Any CPU.ActiveCfg = Release|Any CPU
		{A05780AF-80A7-4B8B-8826-E73A3B357954}.Release|Any CPU.Build.0 = Release|Any CPU
		{12656874-5243-4205-A672-218450DB0BED}.Debug|Any CPU.ActiveCfg = Debug|Any CPU
		{12656874-5243-4205-A672-218450DB0BED}.Debug|Any CPU.Build.0 = Debug|Any CPU
		{12656874-5243-4205-A672-218450DB0BED}.Release|Any CPU.ActiveCfg = Release|Any CPU
		{12656874-5243-4205-A672-218450DB0BED}.Release|Any CPU.Build.0 = Release|Any CPU
	EndGlobalSection
EndGlobal
